
Microsoft Visual Studio Solution File, Format Version 12.00
# Visual Studio 2012
Project("{FAE04EC0-301F-11D3-BF4B-00C04F79EFBC}") = "RNCaptcha", "RNCaptcha\RNCaptcha.csproj", "{349E0447-F171-4DC3-B56B-78A3D01218EB}"
EndProject
Project("{FAE04EC0-301F-11D3-BF4B-00C04F79EFBC}") = "RNCaptcha.Test", "RNCaptcha.Test\RNCaptcha.Test.csproj", "{C3FFFDBE-BBC0-4D7B-BEB3-36DBDB91F911}"
EndProject
Global
	GlobalSection(SolutionConfigurationPlatforms) = preSolution
		Debug|Any CPU = Debug|Any CPU
		Release|Any CPU = Release|Any CPU
	EndGlobalSection
	GlobalSection(ProjectConfigurationPlatforms) = postSolution
		{349E0447-F171-4DC3-B56B-78A3D01218EB}.Debug|Any CPU.ActiveCfg = Debug|Any CPU
		{349E0447-F171-4DC3-B56B-78A3D01218EB}.Debug|Any CPU.Build.0 = Debug|Any CPU
		{349E0447-F171-4DC3-B56B-78A3D01218EB}.Release|Any CPU.ActiveCfg = Release|Any CPU
		{349E0447-F171-4DC3-B56B-78A3D01218EB}.Release|Any CPU.Build.0 = Release|Any CPU
		{C3FFFDBE-BBC0-4D7B-BEB3-36DBDB91F911}.Debug|Any CPU.ActiveCfg = Debug|Any CPU
		{C3FFFDBE-BBC0-4D7B-BEB3-36DBDB91F911}.Debug|Any CPU.Build.0 = Debug|Any CPU
		{C3FFFDBE-BBC0-4D7B-BEB3-36DBDB91F911}.Release|Any CPU.ActiveCfg = Release|Any CPU
		{C3FFFDBE-BBC0-4D7B-BEB3-36DBDB91F911}.Release|Any CPU.Build.0 = Release|Any CPU
	EndGlobalSection
	GlobalSection(SolutionProperties) = preSolution
		HideSolutionNode = FALSE
	EndGlobalSection
EndGlobal
